// !$*UTF8*$!
{
	archiveVersion = 1;
	classes = {
	};
	objectVersion = 46;
	objects = {

/* Begin PBXBuildFile section */
		AE02773B1E35FF8A005EFFE7 /* FirebaseDataSource.swift in Sources */ = {isa = PBXBuildFile; fileRef = AE02773A1E35FF8A005EFFE7 /* FirebaseDataSource.swift */; };
		AE02773C1E35FF8A005EFFE7 /* FirebaseDataSource.swift in Sources */ = {isa = PBXBuildFile; fileRef = AE02773A1E35FF8A005EFFE7 /* FirebaseDataSource.swift */; };
		AE0277571E387A54005EFFE7 /* Presenter.swift in Sources */ = {isa = PBXBuildFile; fileRef = AE0277561E387A54005EFFE7 /* Presenter.swift */; };
		AE0277581E387A54005EFFE7 /* Presenter.swift in Sources */ = {isa = PBXBuildFile; fileRef = AE0277561E387A54005EFFE7 /* Presenter.swift */; };
		AE02775A1E387A84005EFFE7 /* MenuControllerAdapter.swift in Sources */ = {isa = PBXBuildFile; fileRef = AE0277591E387A84005EFFE7 /* MenuControllerAdapter.swift */; };
		AE02775B1E387A84005EFFE7 /* MenuControllerAdapter.swift in Sources */ = {isa = PBXBuildFile; fileRef = AE0277591E387A84005EFFE7 /* MenuControllerAdapter.swift */; };
		AE02775D1E387B28005EFFE7 /* Group.swift in Sources */ = {isa = PBXBuildFile; fileRef = AE02775C1E387B28005EFFE7 /* Group.swift */; };
		AE02775E1E387B28005EFFE7 /* Group.swift in Sources */ = {isa = PBXBuildFile; fileRef = AE02775C1E387B28005EFFE7 /* Group.swift */; };
		AE0277601E387B85005EFFE7 /* MenuGroup.swift in Sources */ = {isa = PBXBuildFile; fileRef = AE02775F1E387B85005EFFE7 /* MenuGroup.swift */; };
		AE0277611E387B85005EFFE7 /* MenuGroup.swift in Sources */ = {isa = PBXBuildFile; fileRef = AE02775F1E387B85005EFFE7 /* MenuGroup.swift */; };
		AE0277641E387BB9005EFFE7 /* OrderGroup.swift in Sources */ = {isa = PBXBuildFile; fileRef = AE0277631E387BB9005EFFE7 /* OrderGroup.swift */; };
		AE0277651E387BB9005EFFE7 /* OrderGroup.swift in Sources */ = {isa = PBXBuildFile; fileRef = AE0277631E387BB9005EFFE7 /* OrderGroup.swift */; };
		AE02776C1E389AB9005EFFE7 /* OrderCell.swift in Sources */ = {isa = PBXBuildFile; fileRef = AE02776A1E389AB9005EFFE7 /* OrderCell.swift */; };
		AE02776D1E389AB9005EFFE7 /* OrderCell.xib in Resources */ = {isa = PBXBuildFile; fileRef = AE02776B1E389AB9005EFFE7 /* OrderCell.xib */; };
		AE0277701E389D00005EFFE7 /* MenuCell.swift in Sources */ = {isa = PBXBuildFile; fileRef = AE02776E1E389D00005EFFE7 /* MenuCell.swift */; };
		AE0277711E389D00005EFFE7 /* MenuCell.xib in Resources */ = {isa = PBXBuildFile; fileRef = AE02776F1E389D00005EFFE7 /* MenuCell.xib */; };
		AE9326401E389E610020A609 /* OrderCell.swift in Sources */ = {isa = PBXBuildFile; fileRef = AE02776A1E389AB9005EFFE7 /* OrderCell.swift */; };
		AE9326411E389E680020A609 /* MenuCell.swift in Sources */ = {isa = PBXBuildFile; fileRef = AE02776E1E389D00005EFFE7 /* MenuCell.swift */; };
		AE9326431E38A05A0020A609 /* BasketViewController.swift in Sources */ = {isa = PBXBuildFile; fileRef = AE9326421E38A05A0020A609 /* BasketViewController.swift */; };
		AE9326441E38A05A0020A609 /* BasketViewController.swift in Sources */ = {isa = PBXBuildFile; fileRef = AE9326421E38A05A0020A609 /* BasketViewController.swift */; };
		AE9326471E398E650020A609 /* Dollar.framework in Frameworks */ = {isa = PBXBuildFile; fileRef = AE9326461E398E650020A609 /* Dollar.framework */; };
		AE9326481E398E650020A609 /* Dollar.framework in Frameworks */ = {isa = PBXBuildFile; fileRef = AE9326461E398E650020A609 /* Dollar.framework */; };
		AE9326491E398E8D0020A609 /* Dollar.framework in Embed Frameworks */ = {isa = PBXBuildFile; fileRef = AE9326461E398E650020A609 /* Dollar.framework */; settings = {ATTRIBUTES = (CodeSignOnCopy, RemoveHeadersOnCopy, ); }; };
		AE93264B1E3994070020A609 /* MenuControllerAdapterTest.swift in Sources */ = {isa = PBXBuildFile; fileRef = AE93264A1E3994070020A609 /* MenuControllerAdapterTest.swift */; };
		AE9ABB3F1E24C1D0007CFF5C /* AppDelegate.swift in Sources */ = {isa = PBXBuildFile; fileRef = AE9ABB3E1E24C1D0007CFF5C /* AppDelegate.swift */; };
		AE9ABB411E24C1D0007CFF5C /* ViewController.swift in Sources */ = {isa = PBXBuildFile; fileRef = AE9ABB401E24C1D0007CFF5C /* ViewController.swift */; };
		AE9ABB441E24C1D0007CFF5C /* Main.storyboard in Resources */ = {isa = PBXBuildFile; fileRef = AE9ABB421E24C1D0007CFF5C /* Main.storyboard */; };
		AE9ABB461E24C1D0007CFF5C /* Assets.xcassets in Resources */ = {isa = PBXBuildFile; fileRef = AE9ABB451E24C1D0007CFF5C /* Assets.xcassets */; };
		AE9ABB491E24C1D0007CFF5C /* LaunchScreen.storyboard in Resources */ = {isa = PBXBuildFile; fileRef = AE9ABB471E24C1D0007CFF5C /* LaunchScreen.storyboard */; };
		AE9ABB541E24C1D0007CFF5C /* FlyingCivetTests.swift in Sources */ = {isa = PBXBuildFile; fileRef = AE9ABB531E24C1D0007CFF5C /* FlyingCivetTests.swift */; };
		AE9ABB5F1E24C1D0007CFF5C /* FlyingCivetUITests.swift in Sources */ = {isa = PBXBuildFile; fileRef = AE9ABB5E1E24C1D0007CFF5C /* FlyingCivetUITests.swift */; };
		AEBC273D1E2DAE6E00B9836E /* LocationViewController.swift in Sources */ = {isa = PBXBuildFile; fileRef = AEBC273C1E2DAE6E00B9836E /* LocationViewController.swift */; };
		AEBC273E1E2DAE6E00B9836E /* LocationViewController.swift in Sources */ = {isa = PBXBuildFile; fileRef = AEBC273C1E2DAE6E00B9836E /* LocationViewController.swift */; };
		AEBC27401E2DEEBE00B9836E /* RunViewController.swift in Sources */ = {isa = PBXBuildFile; fileRef = AEBC273F1E2DEEBE00B9836E /* RunViewController.swift */; };
		AEBC27411E2DEEBE00B9836E /* RunViewController.swift in Sources */ = {isa = PBXBuildFile; fileRef = AEBC273F1E2DEEBE00B9836E /* RunViewController.swift */; };
		AEBC27431E2E171200B9836E /* MenuViewController.swift in Sources */ = {isa = PBXBuildFile; fileRef = AEBC27421E2E171200B9836E /* MenuViewController.swift */; };
		AEBC27441E2E171200B9836E /* MenuViewController.swift in Sources */ = {isa = PBXBuildFile; fileRef = AEBC27421E2E171200B9836E /* MenuViewController.swift */; };
		AEBC27461E2F08C100B9836E /* CustomizeItemViewController.swift in Sources */ = {isa = PBXBuildFile; fileRef = AEBC27451E2F08C100B9836E /* CustomizeItemViewController.swift */; };
		AEBC27471E2F08C100B9836E /* CustomizeItemViewController.swift in Sources */ = {isa = PBXBuildFile; fileRef = AEBC27451E2F08C100B9836E /* CustomizeItemViewController.swift */; };
		AEC7E3D91E31AB1C0034F64F /* MenuItemTest.swift in Sources */ = {isa = PBXBuildFile; fileRef = AEC7E3D81E31AB1C0034F64F /* MenuItemTest.swift */; };
		AEC7E3DB1E31AB2C0034F64F /* ItemVariantTest.swift in Sources */ = {isa = PBXBuildFile; fileRef = AEC7E3DA1E31AB2C0034F64F /* ItemVariantTest.swift */; };
		AEC7E3DD1E31AB370034F64F /* OrderItemTest.swift in Sources */ = {isa = PBXBuildFile; fileRef = AEC7E3DC1E31AB370034F64F /* OrderItemTest.swift */; };
		AEC7E3E11E31AB620034F64F /* ItemVariant.swift in Sources */ = {isa = PBXBuildFile; fileRef = AEC7E3E01E31AB620034F64F /* ItemVariant.swift */; };
		AEC7E3E21E31AB620034F64F /* ItemVariant.swift in Sources */ = {isa = PBXBuildFile; fileRef = AEC7E3E01E31AB620034F64F /* ItemVariant.swift */; };
		AEC7E3E71E31C91B0034F64F /* MenuItemsManager.swift in Sources */ = {isa = PBXBuildFile; fileRef = AEC7E3E61E31C91B0034F64F /* MenuItemsManager.swift */; };
		AEC7E3E81E31C91B0034F64F /* MenuItemsManager.swift in Sources */ = {isa = PBXBuildFile; fileRef = AEC7E3E61E31C91B0034F64F /* MenuItemsManager.swift */; };
		AEC7E3EE1E3200190034F64F /* MenuItemsManagerTest.swift in Sources */ = {isa = PBXBuildFile; fileRef = AEC7E3ED1E3200190034F64F /* MenuItemsManagerTest.swift */; };
		AEC7E3F71E359BEE0034F64F /* Firebase.framework in Frameworks */ = {isa = PBXBuildFile; fileRef = AEC7E3F61E359BEE0034F64F /* Firebase.framework */; };
		AEC7E3F81E359BEE0034F64F /* Firebase.framework in Frameworks */ = {isa = PBXBuildFile; fileRef = AEC7E3F61E359BEE0034F64F /* Firebase.framework */; };
		AEC7E3FA1E359DEA0034F64F /* Firebase.framework in Embed Frameworks */ = {isa = PBXBuildFile; fileRef = AEC7E3F61E359BEE0034F64F /* Firebase.framework */; settings = {ATTRIBUTES = (CodeSignOnCopy, RemoveHeadersOnCopy, ); }; };
		AEC7E4021E35A2050034F64F /* FirebaseAnalytics.framework in Frameworks */ = {isa = PBXBuildFile; fileRef = AEC7E3FC1E35A2050034F64F /* FirebaseAnalytics.framework */; };
		AEC7E4031E35A2050034F64F /* FirebaseAnalytics.framework in Frameworks */ = {isa = PBXBuildFile; fileRef = AEC7E3FC1E35A2050034F64F /* FirebaseAnalytics.framework */; };
		AEC7E4041E35A2050034F64F /* FirebaseDatabase.framework in Frameworks */ = {isa = PBXBuildFile; fileRef = AEC7E3FD1E35A2050034F64F /* FirebaseDatabase.framework */; };
		AEC7E4051E35A2050034F64F /* FirebaseDatabase.framework in Frameworks */ = {isa = PBXBuildFile; fileRef = AEC7E3FD1E35A2050034F64F /* FirebaseDatabase.framework */; };
		AEC7E4061E35A2050034F64F /* FirebaseInstanceID.framework in Frameworks */ = {isa = PBXBuildFile; fileRef = AEC7E3FE1E35A2050034F64F /* FirebaseInstanceID.framework */; };
		AEC7E4071E35A2050034F64F /* FirebaseInstanceID.framework in Frameworks */ = {isa = PBXBuildFile; fileRef = AEC7E3FE1E35A2050034F64F /* FirebaseInstanceID.framework */; };
		AEC7E4081E35A2050034F64F /* GoogleInterchangeUtilities.framework in Frameworks */ = {isa = PBXBuildFile; fileRef = AEC7E3FF1E35A2050034F64F /* GoogleInterchangeUtilities.framework */; };
		AEC7E4091E35A2050034F64F /* GoogleInterchangeUtilities.framework in Frameworks */ = {isa = PBXBuildFile; fileRef = AEC7E3FF1E35A2050034F64F /* GoogleInterchangeUtilities.framework */; };
		AEC7E40A1E35A2050034F64F /* GoogleSymbolUtilities.framework in Frameworks */ = {isa = PBXBuildFile; fileRef = AEC7E4001E35A2050034F64F /* GoogleSymbolUtilities.framework */; };
		AEC7E40B1E35A2050034F64F /* GoogleSymbolUtilities.framework in Frameworks */ = {isa = PBXBuildFile; fileRef = AEC7E4001E35A2050034F64F /* GoogleSymbolUtilities.framework */; };
		AEC7E40C1E35A2050034F64F /* GoogleUtilities.framework in Frameworks */ = {isa = PBXBuildFile; fileRef = AEC7E4011E35A2050034F64F /* GoogleUtilities.framework */; };
		AEC7E40D1E35A2050034F64F /* GoogleUtilities.framework in Frameworks */ = {isa = PBXBuildFile; fileRef = AEC7E4011E35A2050034F64F /* GoogleUtilities.framework */; };
		AEC7E4121E35A2FA0034F64F /* GoogleService-Info.plist in Resources */ = {isa = PBXBuildFile; fileRef = AEC7E4111E35A2FA0034F64F /* GoogleService-Info.plist */; };
		AEC7E4131E35A2FA0034F64F /* GoogleService-Info.plist in Resources */ = {isa = PBXBuildFile; fileRef = AEC7E4111E35A2FA0034F64F /* GoogleService-Info.plist */; };
		AEC7E4151E35EC880034F64F /* FirebaseDataSourceTest.swift in Sources */ = {isa = PBXBuildFile; fileRef = AEC7E4141E35EC880034F64F /* FirebaseDataSourceTest.swift */; };
		AED215051E2F437D000AB6F8 /* ItemVariantsManagerTest.swift in Sources */ = {isa = PBXBuildFile; fileRef = AED215041E2F437D000AB6F8 /* ItemVariantsManagerTest.swift */; };
		AED215071E2F5A8B000AB6F8 /* ItemVariantsManager.swift in Sources */ = {isa = PBXBuildFile; fileRef = AED215061E2F5A8B000AB6F8 /* ItemVariantsManager.swift */; };
		AED215081E2F5A8B000AB6F8 /* ItemVariantsManager.swift in Sources */ = {isa = PBXBuildFile; fileRef = AED215061E2F5A8B000AB6F8 /* ItemVariantsManager.swift */; };
		AED2150B1E2F71E1000AB6F8 /* OrderItem.swift in Sources */ = {isa = PBXBuildFile; fileRef = AED2150A1E2F71E1000AB6F8 /* OrderItem.swift */; };
		AED2150C1E2F71E1000AB6F8 /* OrderItem.swift in Sources */ = {isa = PBXBuildFile; fileRef = AED2150A1E2F71E1000AB6F8 /* OrderItem.swift */; };
		AED2150E1E2F7202000AB6F8 /* MenuItem.swift in Sources */ = {isa = PBXBuildFile; fileRef = AED2150D1E2F7202000AB6F8 /* MenuItem.swift */; };
		AED2150F1E2F7202000AB6F8 /* MenuItem.swift in Sources */ = {isa = PBXBuildFile; fileRef = AED2150D1E2F7202000AB6F8 /* MenuItem.swift */; };
		AED215171E30AAC8000AB6F8 /* ShoppingCartManagerTest.swift in Sources */ = {isa = PBXBuildFile; fileRef = AED215161E30AAC8000AB6F8 /* ShoppingCartManagerTest.swift */; };
		AED215191E30B1D5000AB6F8 /* ShoppingCartManager.swift in Sources */ = {isa = PBXBuildFile; fileRef = AED215181E30B1D5000AB6F8 /* ShoppingCartManager.swift */; };
		AED2151A1E30B1D5000AB6F8 /* ShoppingCartManager.swift in Sources */ = {isa = PBXBuildFile; fileRef = AED215181E30B1D5000AB6F8 /* ShoppingCartManager.swift */; };
/* End PBXBuildFile section */

/* Begin PBXContainerItemProxy section */
		AE9ABB501E24C1D0007CFF5C /* PBXContainerItemProxy */ = {
			isa = PBXContainerItemProxy;
			containerPortal = AE9ABB331E24C1D0007CFF5C /* Project object */;
			proxyType = 1;
			remoteGlobalIDString = AE9ABB3A1E24C1D0007CFF5C;
			remoteInfo = FlyingCivet;
		};
		AE9ABB5B1E24C1D0007CFF5C /* PBXContainerItemProxy */ = {
			isa = PBXContainerItemProxy;
			containerPortal = AE9ABB331E24C1D0007CFF5C /* Project object */;
			proxyType = 1;
			remoteGlobalIDString = AE9ABB3A1E24C1D0007CFF5C;
			remoteInfo = FlyingCivet;
		};
/* End PBXContainerItemProxy section */

/* Begin PBXCopyFilesBuildPhase section */
		AEC7E3FB1E359DEA0034F64F /* Embed Frameworks */ = {
			isa = PBXCopyFilesBuildPhase;
			buildActionMask = 2147483647;
			dstPath = "";
			dstSubfolderSpec = 10;
			files = (
				AEC7E3FA1E359DEA0034F64F /* Firebase.framework in Embed Frameworks */,
				AE9326491E398E8D0020A609 /* Dollar.framework in Embed Frameworks */,
			);
			name = "Embed Frameworks";
			runOnlyForDeploymentPostprocessing = 0;
		};
/* End PBXCopyFilesBuildPhase section */

/* Begin PBXFileReference section */
		AE02773A1E35FF8A005EFFE7 /* FirebaseDataSource.swift */ = {isa = PBXFileReference; fileEncoding = 4; lastKnownFileType = sourcecode.swift; path = FirebaseDataSource.swift; sourceTree = "<group>"; };
		AE0277561E387A54005EFFE7 /* Presenter.swift */ = {isa = PBXFileReference; fileEncoding = 4; lastKnownFileType = sourcecode.swift; name = Presenter.swift; path = ../Presenter.swift; sourceTree = "<group>"; };
		AE0277591E387A84005EFFE7 /* MenuControllerAdapter.swift */ = {isa = PBXFileReference; fileEncoding = 4; lastKnownFileType = sourcecode.swift; name = MenuControllerAdapter.swift; path = ../MenuControllerAdapter.swift; sourceTree = "<group>"; };
		AE02775C1E387B28005EFFE7 /* Group.swift */ = {isa = PBXFileReference; fileEncoding = 4; lastKnownFileType = sourcecode.swift; name = Group.swift; path = ../Group.swift; sourceTree = "<group>"; };
		AE02775F1E387B85005EFFE7 /* MenuGroup.swift */ = {isa = PBXFileReference; fileEncoding = 4; lastKnownFileType = sourcecode.swift; path = MenuGroup.swift; sourceTree = "<group>"; };
		AE0277631E387BB9005EFFE7 /* OrderGroup.swift */ = {isa = PBXFileReference; fileEncoding = 4; lastKnownFileType = sourcecode.swift; path = OrderGroup.swift; sourceTree = "<group>"; };
		AE02776A1E389AB9005EFFE7 /* OrderCell.swift */ = {isa = PBXFileReference; fileEncoding = 4; lastKnownFileType = sourcecode.swift; path = OrderCell.swift; sourceTree = "<group>"; };
		AE02776B1E389AB9005EFFE7 /* OrderCell.xib */ = {isa = PBXFileReference; fileEncoding = 4; lastKnownFileType = file.xib; path = OrderCell.xib; sourceTree = "<group>"; };
		AE02776E1E389D00005EFFE7 /* MenuCell.swift */ = {isa = PBXFileReference; fileEncoding = 4; lastKnownFileType = sourcecode.swift; path = MenuCell.swift; sourceTree = "<group>"; };
		AE02776F1E389D00005EFFE7 /* MenuCell.xib */ = {isa = PBXFileReference; fileEncoding = 4; lastKnownFileType = file.xib; path = MenuCell.xib; sourceTree = "<group>"; };
		AE9326421E38A05A0020A609 /* BasketViewController.swift */ = {isa = PBXFileReference; fileEncoding = 4; lastKnownFileType = sourcecode.swift; path = BasketViewController.swift; sourceTree = "<group>"; };
		AE9326461E398E650020A609 /* Dollar.framework */ = {isa = PBXFileReference; lastKnownFileType = wrapper.framework; name = Dollar.framework; path = Carthage/Build/iOS/Dollar.framework; sourceTree = "<group>"; };
		AE93264A1E3994070020A609 /* MenuControllerAdapterTest.swift */ = {isa = PBXFileReference; fileEncoding = 4; lastKnownFileType = sourcecode.swift; path = MenuControllerAdapterTest.swift; sourceTree = "<group>"; };
		AE9ABB3B1E24C1D0007CFF5C /* FlyingCivet.app */ = {isa = PBXFileReference; explicitFileType = wrapper.application; includeInIndex = 0; path = FlyingCivet.app; sourceTree = BUILT_PRODUCTS_DIR; };
		AE9ABB3E1E24C1D0007CFF5C /* AppDelegate.swift */ = {isa = PBXFileReference; lastKnownFileType = sourcecode.swift; path = AppDelegate.swift; sourceTree = "<group>"; };
		AE9ABB401E24C1D0007CFF5C /* ViewController.swift */ = {isa = PBXFileReference; lastKnownFileType = sourcecode.swift; path = ViewController.swift; sourceTree = "<group>"; };
		AE9ABB431E24C1D0007CFF5C /* Base */ = {isa = PBXFileReference; lastKnownFileType = file.storyboard; name = Base; path = Base.lproj/Main.storyboard; sourceTree = "<group>"; };
		AE9ABB451E24C1D0007CFF5C /* Assets.xcassets */ = {isa = PBXFileReference; lastKnownFileType = folder.assetcatalog; path = Assets.xcassets; sourceTree = "<group>"; };
		AE9ABB481E24C1D0007CFF5C /* Base */ = {isa = PBXFileReference; lastKnownFileType = file.storyboard; name = Base; path = Base.lproj/LaunchScreen.storyboard; sourceTree = "<group>"; };
		AE9ABB4A1E24C1D0007CFF5C /* Info.plist */ = {isa = PBXFileReference; lastKnownFileType = text.plist.xml; path = Info.plist; sourceTree = "<group>"; };
		AE9ABB4F1E24C1D0007CFF5C /* FlyingCivetTests.xctest */ = {isa = PBXFileReference; explicitFileType = wrapper.cfbundle; includeInIndex = 0; path = FlyingCivetTests.xctest; sourceTree = BUILT_PRODUCTS_DIR; };
		AE9ABB531E24C1D0007CFF5C /* FlyingCivetTests.swift */ = {isa = PBXFileReference; lastKnownFileType = sourcecode.swift; path = FlyingCivetTests.swift; sourceTree = "<group>"; };
		AE9ABB551E24C1D0007CFF5C /* Info.plist */ = {isa = PBXFileReference; lastKnownFileType = text.plist.xml; path = Info.plist; sourceTree = "<group>"; };
		AE9ABB5A1E24C1D0007CFF5C /* FlyingCivetUITests.xctest */ = {isa = PBXFileReference; explicitFileType = wrapper.cfbundle; includeInIndex = 0; path = FlyingCivetUITests.xctest; sourceTree = BUILT_PRODUCTS_DIR; };
		AE9ABB5E1E24C1D0007CFF5C /* FlyingCivetUITests.swift */ = {isa = PBXFileReference; lastKnownFileType = sourcecode.swift; path = FlyingCivetUITests.swift; sourceTree = "<group>"; };
		AE9ABB601E24C1D0007CFF5C /* Info.plist */ = {isa = PBXFileReference; lastKnownFileType = text.plist.xml; path = Info.plist; sourceTree = "<group>"; };
		AEBC273C1E2DAE6E00B9836E /* LocationViewController.swift */ = {isa = PBXFileReference; fileEncoding = 4; lastKnownFileType = sourcecode.swift; path = LocationViewController.swift; sourceTree = "<group>"; };
		AEBC273F1E2DEEBE00B9836E /* RunViewController.swift */ = {isa = PBXFileReference; fileEncoding = 4; lastKnownFileType = sourcecode.swift; path = RunViewController.swift; sourceTree = "<group>"; };
		AEBC27421E2E171200B9836E /* MenuViewController.swift */ = {isa = PBXFileReference; fileEncoding = 4; lastKnownFileType = sourcecode.swift; path = MenuViewController.swift; sourceTree = "<group>"; };
		AEBC27451E2F08C100B9836E /* CustomizeItemViewController.swift */ = {isa = PBXFileReference; fileEncoding = 4; lastKnownFileType = sourcecode.swift; path = CustomizeItemViewController.swift; sourceTree = "<group>"; };
		AEC7E3D81E31AB1C0034F64F /* MenuItemTest.swift */ = {isa = PBXFileReference; fileEncoding = 4; lastKnownFileType = sourcecode.swift; path = MenuItemTest.swift; sourceTree = "<group>"; };
		AEC7E3DA1E31AB2C0034F64F /* ItemVariantTest.swift */ = {isa = PBXFileReference; fileEncoding = 4; lastKnownFileType = sourcecode.swift; path = ItemVariantTest.swift; sourceTree = "<group>"; };
		AEC7E3DC1E31AB370034F64F /* OrderItemTest.swift */ = {isa = PBXFileReference; fileEncoding = 4; lastKnownFileType = sourcecode.swift; path = OrderItemTest.swift; sourceTree = "<group>"; };
		AEC7E3E01E31AB620034F64F /* ItemVariant.swift */ = {isa = PBXFileReference; fileEncoding = 4; lastKnownFileType = sourcecode.swift; path = ItemVariant.swift; sourceTree = "<group>"; };
		AEC7E3E61E31C91B0034F64F /* MenuItemsManager.swift */ = {isa = PBXFileReference; fileEncoding = 4; lastKnownFileType = sourcecode.swift; path = MenuItemsManager.swift; sourceTree = "<group>"; };
		AEC7E3ED1E3200190034F64F /* MenuItemsManagerTest.swift */ = {isa = PBXFileReference; fileEncoding = 4; lastKnownFileType = sourcecode.swift; path = MenuItemsManagerTest.swift; sourceTree = "<group>"; };
		AEC7E3F61E359BEE0034F64F /* Firebase.framework */ = {isa = PBXFileReference; lastKnownFileType = wrapper.framework; name = Firebase.framework; path = Carthage/Build/iOS/Firebase.framework; sourceTree = "<group>"; };
		AEC7E3FC1E35A2050034F64F /* FirebaseAnalytics.framework */ = {isa = PBXFileReference; lastKnownFileType = wrapper.framework; name = FirebaseAnalytics.framework; path = Carthage/Build/iOS/FirebaseAnalytics.framework; sourceTree = "<group>"; };
		AEC7E3FD1E35A2050034F64F /* FirebaseDatabase.framework */ = {isa = PBXFileReference; lastKnownFileType = wrapper.framework; name = FirebaseDatabase.framework; path = Carthage/Build/iOS/FirebaseDatabase.framework; sourceTree = "<group>"; };
		AEC7E3FE1E35A2050034F64F /* FirebaseInstanceID.framework */ = {isa = PBXFileReference; lastKnownFileType = wrapper.framework; name = FirebaseInstanceID.framework; path = Carthage/Build/iOS/FirebaseInstanceID.framework; sourceTree = "<group>"; };
		AEC7E3FF1E35A2050034F64F /* GoogleInterchangeUtilities.framework */ = {isa = PBXFileReference; lastKnownFileType = wrapper.framework; name = GoogleInterchangeUtilities.framework; path = Carthage/Build/iOS/GoogleInterchangeUtilities.framework; sourceTree = "<group>"; };
		AEC7E4001E35A2050034F64F /* GoogleSymbolUtilities.framework */ = {isa = PBXFileReference; lastKnownFileType = wrapper.framework; name = GoogleSymbolUtilities.framework; path = Carthage/Build/iOS/GoogleSymbolUtilities.framework; sourceTree = "<group>"; };
		AEC7E4011E35A2050034F64F /* GoogleUtilities.framework */ = {isa = PBXFileReference; lastKnownFileType = wrapper.framework; name = GoogleUtilities.framework; path = Carthage/Build/iOS/GoogleUtilities.framework; sourceTree = "<group>"; };
		AEC7E4111E35A2FA0034F64F /* GoogleService-Info.plist */ = {isa = PBXFileReference; fileEncoding = 4; lastKnownFileType = text.plist.xml; path = "GoogleService-Info.plist"; sourceTree = "<group>"; };
		AEC7E4141E35EC880034F64F /* FirebaseDataSourceTest.swift */ = {isa = PBXFileReference; fileEncoding = 4; lastKnownFileType = sourcecode.swift; path = FirebaseDataSourceTest.swift; sourceTree = "<group>"; };
		AED215041E2F437D000AB6F8 /* ItemVariantsManagerTest.swift */ = {isa = PBXFileReference; fileEncoding = 4; lastKnownFileType = sourcecode.swift; path = ItemVariantsManagerTest.swift; sourceTree = "<group>"; };
		AED215061E2F5A8B000AB6F8 /* ItemVariantsManager.swift */ = {isa = PBXFileReference; fileEncoding = 4; lastKnownFileType = sourcecode.swift; path = ItemVariantsManager.swift; sourceTree = "<group>"; };
		AED2150A1E2F71E1000AB6F8 /* OrderItem.swift */ = {isa = PBXFileReference; fileEncoding = 4; lastKnownFileType = sourcecode.swift; path = OrderItem.swift; sourceTree = "<group>"; };
		AED2150D1E2F7202000AB6F8 /* MenuItem.swift */ = {isa = PBXFileReference; fileEncoding = 4; lastKnownFileType = sourcecode.swift; path = MenuItem.swift; sourceTree = "<group>"; };
		AED215161E30AAC8000AB6F8 /* ShoppingCartManagerTest.swift */ = {isa = PBXFileReference; fileEncoding = 4; lastKnownFileType = sourcecode.swift; path = ShoppingCartManagerTest.swift; sourceTree = "<group>"; };
		AED215181E30B1D5000AB6F8 /* ShoppingCartManager.swift */ = {isa = PBXFileReference; fileEncoding = 4; lastKnownFileType = sourcecode.swift; path = ShoppingCartManager.swift; sourceTree = "<group>"; };
/* End PBXFileReference section */

/* Begin PBXFrameworksBuildPhase section */
		AE9ABB381E24C1D0007CFF5C /* Frameworks */ = {
			isa = PBXFrameworksBuildPhase;
			buildActionMask = 2147483647;
			files = (
				AEC7E40A1E35A2050034F64F /* GoogleSymbolUtilities.framework in Frameworks */,
				AEC7E4041E35A2050034F64F /* FirebaseDatabase.framework in Frameworks */,
				AE9326471E398E650020A609 /* Dollar.framework in Frameworks */,
				AEC7E4021E35A2050034F64F /* FirebaseAnalytics.framework in Frameworks */,
				AEC7E3F71E359BEE0034F64F /* Firebase.framework in Frameworks */,
				AEC7E4061E35A2050034F64F /* FirebaseInstanceID.framework in Frameworks */,
				AEC7E4081E35A2050034F64F /* GoogleInterchangeUtilities.framework in Frameworks */,
				AEC7E40C1E35A2050034F64F /* GoogleUtilities.framework in Frameworks */,
			);
			runOnlyForDeploymentPostprocessing = 0;
		};
		AE9ABB4C1E24C1D0007CFF5C /* Frameworks */ = {
			isa = PBXFrameworksBuildPhase;
			buildActionMask = 2147483647;
			files = (
				AEC7E40B1E35A2050034F64F /* GoogleSymbolUtilities.framework in Frameworks */,
				AEC7E4051E35A2050034F64F /* FirebaseDatabase.framework in Frameworks */,
				AE9326481E398E650020A609 /* Dollar.framework in Frameworks */,
				AEC7E4031E35A2050034F64F /* FirebaseAnalytics.framework in Frameworks */,
				AEC7E3F81E359BEE0034F64F /* Firebase.framework in Frameworks */,
				AEC7E4071E35A2050034F64F /* FirebaseInstanceID.framework in Frameworks */,
				AEC7E4091E35A2050034F64F /* GoogleInterchangeUtilities.framework in Frameworks */,
				AEC7E40D1E35A2050034F64F /* GoogleUtilities.framework in Frameworks */,
			);
			runOnlyForDeploymentPostprocessing = 0;
		};
		AE9ABB571E24C1D0007CFF5C /* Frameworks */ = {
			isa = PBXFrameworksBuildPhase;
			buildActionMask = 2147483647;
			files = (
			);
			runOnlyForDeploymentPostprocessing = 0;
		};
/* End PBXFrameworksBuildPhase section */

/* Begin PBXGroup section */
		AE02773D1E35FFBA005EFFE7 /* controllers */ = {
			isa = PBXGroup;
			children = (
				AEBC27451E2F08C100B9836E /* CustomizeItemViewController.swift */,
				AEBC273C1E2DAE6E00B9836E /* LocationViewController.swift */,
				AEBC27421E2E171200B9836E /* MenuViewController.swift */,
				AEBC273F1E2DEEBE00B9836E /* RunViewController.swift */,
				AE9ABB401E24C1D0007CFF5C /* ViewController.swift */,
				AE9326421E38A05A0020A609 /* BasketViewController.swift */,
			);
			name = controllers;
			sourceTree = "<group>";
		};
		AE0277521E385FD1005EFFE7 /* cells */ = {
			isa = PBXGroup;
			children = (
				AE02776A1E389AB9005EFFE7 /* OrderCell.swift */,
				AE02776B1E389AB9005EFFE7 /* OrderCell.xib */,
				AE02776E1E389D00005EFFE7 /* MenuCell.swift */,
				AE02776F1E389D00005EFFE7 /* MenuCell.xib */,
			);
			name = cells;
			sourceTree = "<group>";
		};
		AE0277621E387BAC005EFFE7 /* groups */ = {
			isa = PBXGroup;
			children = (
				AE02775C1E387B28005EFFE7 /* Group.swift */,
				AE02775F1E387B85005EFFE7 /* MenuGroup.swift */,
				AE0277631E387BB9005EFFE7 /* OrderGroup.swift */,
			);
			name = groups;
			sourceTree = "<group>";
		};
		AE9ABB321E24C1D0007CFF5C = {
			isa = PBXGroup;
			children = (
				AE9326461E398E650020A609 /* Dollar.framework */,
				AEC7E3F61E359BEE0034F64F /* Firebase.framework */,
				AEC7E3FC1E35A2050034F64F /* FirebaseAnalytics.framework */,
				AEC7E3FD1E35A2050034F64F /* FirebaseDatabase.framework */,
				AEC7E3FE1E35A2050034F64F /* FirebaseInstanceID.framework */,
				AEC7E3FF1E35A2050034F64F /* GoogleInterchangeUtilities.framework */,
				AEC7E4001E35A2050034F64F /* GoogleSymbolUtilities.framework */,
				AEC7E4011E35A2050034F64F /* GoogleUtilities.framework */,
				AEC7E4111E35A2FA0034F64F /* GoogleService-Info.plist */,
				AE9ABB3D1E24C1D0007CFF5C /* FlyingCivet */,
				AE9ABB521E24C1D0007CFF5C /* FlyingCivetTests */,
				AE9ABB5D1E24C1D0007CFF5C /* FlyingCivetUITests */,
				AE9ABB3C1E24C1D0007CFF5C /* Products */,
			);
			sourceTree = "<group>";
		};
		AE9ABB3C1E24C1D0007CFF5C /* Products */ = {
			isa = PBXGroup;
			children = (
				AE9ABB3B1E24C1D0007CFF5C /* FlyingCivet.app */,
				AE9ABB4F1E24C1D0007CFF5C /* FlyingCivetTests.xctest */,
				AE9ABB5A1E24C1D0007CFF5C /* FlyingCivetUITests.xctest */,
			);
			name = Products;
			sourceTree = "<group>";
		};
		AE9ABB3D1E24C1D0007CFF5C /* FlyingCivet */ = {
			isa = PBXGroup;
			children = (
				AE9ABB3E1E24C1D0007CFF5C /* AppDelegate.swift */,
				AE9ABB451E24C1D0007CFF5C /* Assets.xcassets */,
				AE0277521E385FD1005EFFE7 /* cells */,
				AE02773D1E35FFBA005EFFE7 /* controllers */,
				AE02773A1E35FF8A005EFFE7 /* FirebaseDataSource.swift */,
				AE0277621E387BAC005EFFE7 /* groups */,
				AE9ABB4A1E24C1D0007CFF5C /* Info.plist */,
				AE9ABB471E24C1D0007CFF5C /* LaunchScreen.storyboard */,
				AE9ABB421E24C1D0007CFF5C /* Main.storyboard */,
				AED215091E2F5A9B000AB6F8 /* managers */,
				AE0277591E387A84005EFFE7 /* MenuControllerAdapter.swift */,
				AEC125AB1E2F39A4008F69FE /* models */,
				AE0277561E387A54005EFFE7 /* Presenter.swift */,
			);
			path = FlyingCivet;
			sourceTree = "<group>";
		};
		AE9ABB521E24C1D0007CFF5C /* FlyingCivetTests */ = {
			isa = PBXGroup;
			children = (
				AEC7E4141E35EC880034F64F /* FirebaseDataSourceTest.swift */,
				AE9ABB531E24C1D0007CFF5C /* FlyingCivetTests.swift */,
				AE9ABB551E24C1D0007CFF5C /* Info.plist */,
				AEC7E3E91E31E15B0034F64F /* managers */,
				AEC7E3EA1E31E1710034F64F /* models */,
				AE93264A1E3994070020A609 /* MenuControllerAdapterTest.swift */,
			);
			path = FlyingCivetTests;
			sourceTree = "<group>";
		};
		AE9ABB5D1E24C1D0007CFF5C /* FlyingCivetUITests */ = {
			isa = PBXGroup;
			children = (
				AE9ABB5E1E24C1D0007CFF5C /* FlyingCivetUITests.swift */,
				AE9ABB601E24C1D0007CFF5C /* Info.plist */,
			);
			path = FlyingCivetUITests;
			sourceTree = "<group>";
		};
		AEC125AB1E2F39A4008F69FE /* models */ = {
			isa = PBXGroup;
			children = (
				AEC7E3E01E31AB620034F64F /* ItemVariant.swift */,
				AED2150D1E2F7202000AB6F8 /* MenuItem.swift */,
				AED2150A1E2F71E1000AB6F8 /* OrderItem.swift */,
			);
			name = models;
			sourceTree = "<group>";
		};
		AEC7E3E91E31E15B0034F64F /* managers */ = {
			isa = PBXGroup;
			children = (
				AED215041E2F437D000AB6F8 /* ItemVariantsManagerTest.swift */,
				AED215161E30AAC8000AB6F8 /* ShoppingCartManagerTest.swift */,
				AEC7E3ED1E3200190034F64F /* MenuItemsManagerTest.swift */,
			);
			name = managers;
			sourceTree = "<group>";
		};
		AEC7E3EA1E31E1710034F64F /* models */ = {
			isa = PBXGroup;
			children = (
				AEC7E3DA1E31AB2C0034F64F /* ItemVariantTest.swift */,
				AEC7E3D81E31AB1C0034F64F /* MenuItemTest.swift */,
				AEC7E3DC1E31AB370034F64F /* OrderItemTest.swift */,
			);
			name = models;
			sourceTree = "<group>";
		};
		AED215091E2F5A9B000AB6F8 /* managers */ = {
			isa = PBXGroup;
			children = (
				AED215061E2F5A8B000AB6F8 /* ItemVariantsManager.swift */,
				AED215181E30B1D5000AB6F8 /* ShoppingCartManager.swift */,
				AEC7E3E61E31C91B0034F64F /* MenuItemsManager.swift */,
			);
			name = managers;
			sourceTree = "<group>";
		};
/* End PBXGroup section */

/* Begin PBXNativeTarget section */
		AE9ABB3A1E24C1D0007CFF5C /* FlyingCivet */ = {
			isa = PBXNativeTarget;
			buildConfigurationList = AE9ABB631E24C1D0007CFF5C /* Build configuration list for PBXNativeTarget "FlyingCivet" */;
			buildPhases = (
				AE9ABB371E24C1D0007CFF5C /* Sources */,
				AE9ABB381E24C1D0007CFF5C /* Frameworks */,
				AE9ABB391E24C1D0007CFF5C /* Resources */,
				AEC7E3FB1E359DEA0034F64F /* Embed Frameworks */,
			);
			buildRules = (
			);
			dependencies = (
			);
			name = FlyingCivet;
			productName = FlyingCivet;
			productReference = AE9ABB3B1E24C1D0007CFF5C /* FlyingCivet.app */;
			productType = "com.apple.product-type.application";
		};
		AE9ABB4E1E24C1D0007CFF5C /* FlyingCivetTests */ = {
			isa = PBXNativeTarget;
			buildConfigurationList = AE9ABB661E24C1D0007CFF5C /* Build configuration list for PBXNativeTarget "FlyingCivetTests" */;
			buildPhases = (
				AE9ABB4B1E24C1D0007CFF5C /* Sources */,
				AE9ABB4C1E24C1D0007CFF5C /* Frameworks */,
				AE9ABB4D1E24C1D0007CFF5C /* Resources */,
			);
			buildRules = (
			);
			dependencies = (
				AE9ABB511E24C1D0007CFF5C /* PBXTargetDependency */,
			);
			name = FlyingCivetTests;
			productName = FlyingCivetTests;
			productReference = AE9ABB4F1E24C1D0007CFF5C /* FlyingCivetTests.xctest */;
			productType = "com.apple.product-type.bundle.unit-test";
		};
		AE9ABB591E24C1D0007CFF5C /* FlyingCivetUITests */ = {
			isa = PBXNativeTarget;
			buildConfigurationList = AE9ABB691E24C1D0007CFF5C /* Build configuration list for PBXNativeTarget "FlyingCivetUITests" */;
			buildPhases = (
				AE9ABB561E24C1D0007CFF5C /* Sources */,
				AE9ABB571E24C1D0007CFF5C /* Frameworks */,
				AE9ABB581E24C1D0007CFF5C /* Resources */,
			);
			buildRules = (
			);
			dependencies = (
				AE9ABB5C1E24C1D0007CFF5C /* PBXTargetDependency */,
			);
			name = FlyingCivetUITests;
			productName = FlyingCivetUITests;
			productReference = AE9ABB5A1E24C1D0007CFF5C /* FlyingCivetUITests.xctest */;
			productType = "com.apple.product-type.bundle.ui-testing";
		};
/* End PBXNativeTarget section */

/* Begin PBXProject section */
		AE9ABB331E24C1D0007CFF5C /* Project object */ = {
			isa = PBXProject;
			attributes = {
				LastSwiftUpdateCheck = 0820;
				LastUpgradeCheck = 0820;
				ORGANIZATIONNAME = pivotal;
				TargetAttributes = {
					AE9ABB3A1E24C1D0007CFF5C = {
						CreatedOnToolsVersion = 8.2.1;
						DevelopmentTeam = 89A6V964HC;
						ProvisioningStyle = Automatic;
					};
					AE9ABB4E1E24C1D0007CFF5C = {
						CreatedOnToolsVersion = 8.2.1;
						DevelopmentTeam = VRZG3C52K7;
						ProvisioningStyle = Automatic;
						TestTargetID = AE9ABB3A1E24C1D0007CFF5C;
					};
					AE9ABB591E24C1D0007CFF5C = {
						CreatedOnToolsVersion = 8.2.1;
						DevelopmentTeam = VRZG3C52K7;
						ProvisioningStyle = Automatic;
						TestTargetID = AE9ABB3A1E24C1D0007CFF5C;
					};
				};
			};
			buildConfigurationList = AE9ABB361E24C1D0007CFF5C /* Build configuration list for PBXProject "FlyingCivet" */;
			compatibilityVersion = "Xcode 3.2";
			developmentRegion = English;
			hasScannedForEncodings = 0;
			knownRegions = (
				en,
				Base,
			);
			mainGroup = AE9ABB321E24C1D0007CFF5C;
			productRefGroup = AE9ABB3C1E24C1D0007CFF5C /* Products */;
			projectDirPath = "";
			projectRoot = "";
			targets = (
				AE9ABB3A1E24C1D0007CFF5C /* FlyingCivet */,
				AE9ABB4E1E24C1D0007CFF5C /* FlyingCivetTests */,
				AE9ABB591E24C1D0007CFF5C /* FlyingCivetUITests */,
			);
		};
/* End PBXProject section */

/* Begin PBXResourcesBuildPhase section */
		AE9ABB391E24C1D0007CFF5C /* Resources */ = {
			isa = PBXResourcesBuildPhase;
			buildActionMask = 2147483647;
			files = (
				AE0277711E389D00005EFFE7 /* MenuCell.xib in Resources */,
				AE02776D1E389AB9005EFFE7 /* OrderCell.xib in Resources */,
				AE9ABB491E24C1D0007CFF5C /* LaunchScreen.storyboard in Resources */,
				AEC7E4121E35A2FA0034F64F /* GoogleService-Info.plist in Resources */,
				AE9ABB461E24C1D0007CFF5C /* Assets.xcassets in Resources */,
				AE9ABB441E24C1D0007CFF5C /* Main.storyboard in Resources */,
			);
			runOnlyForDeploymentPostprocessing = 0;
		};
		AE9ABB4D1E24C1D0007CFF5C /* Resources */ = {
			isa = PBXResourcesBuildPhase;
			buildActionMask = 2147483647;
			files = (
				AEC7E4131E35A2FA0034F64F /* GoogleService-Info.plist in Resources */,
			);
			runOnlyForDeploymentPostprocessing = 0;
		};
		AE9ABB581E24C1D0007CFF5C /* Resources */ = {
			isa = PBXResourcesBuildPhase;
			buildActionMask = 2147483647;
			files = (
			);
			runOnlyForDeploymentPostprocessing = 0;
		};
/* End PBXResourcesBuildPhase section */

/* Begin PBXSourcesBuildPhase section */
		AE9ABB371E24C1D0007CFF5C /* Sources */ = {
			isa = PBXSourcesBuildPhase;
			buildActionMask = 2147483647;
			files = (
				AE02773B1E35FF8A005EFFE7 /* FirebaseDataSource.swift in Sources */,
				AEBC273D1E2DAE6E00B9836E /* LocationViewController.swift in Sources */,
				AE0277571E387A54005EFFE7 /* Presenter.swift in Sources */,
				AEBC27431E2E171200B9836E /* MenuViewController.swift in Sources */,
				AE9ABB411E24C1D0007CFF5C /* ViewController.swift in Sources */,
				AEC7E3E71E31C91B0034F64F /* MenuItemsManager.swift in Sources */,
				AEC7E3E11E31AB620034F64F /* ItemVariant.swift in Sources */,
				AEBC27401E2DEEBE00B9836E /* RunViewController.swift in Sources */,
				AE02775D1E387B28005EFFE7 /* Group.swift in Sources */,
				AE9326431E38A05A0020A609 /* BasketViewController.swift in Sources */,
				AE9ABB3F1E24C1D0007CFF5C /* AppDelegate.swift in Sources */,
				AE02775A1E387A84005EFFE7 /* MenuControllerAdapter.swift in Sources */,
				AED2150B1E2F71E1000AB6F8 /* OrderItem.swift in Sources */,
				AED2150E1E2F7202000AB6F8 /* MenuItem.swift in Sources */,
				AE0277701E389D00005EFFE7 /* MenuCell.swift in Sources */,
				AED215191E30B1D5000AB6F8 /* ShoppingCartManager.swift in Sources */,
				AE02776C1E389AB9005EFFE7 /* OrderCell.swift in Sources */,
				AE0277641E387BB9005EFFE7 /* OrderGroup.swift in Sources */,
				AED215071E2F5A8B000AB6F8 /* ItemVariantsManager.swift in Sources */,
				AE0277601E387B85005EFFE7 /* MenuGroup.swift in Sources */,
				AEBC27461E2F08C100B9836E /* CustomizeItemViewController.swift in Sources */,
			);
			runOnlyForDeploymentPostprocessing = 0;
		};
		AE9ABB4B1E24C1D0007CFF5C /* Sources */ = {
			isa = PBXSourcesBuildPhase;
			buildActionMask = 2147483647;
			files = (
				AE93264B1E3994070020A609 /* MenuControllerAdapterTest.swift in Sources */,
				AE9326441E38A05A0020A609 /* BasketViewController.swift in Sources */,
				AEC7E3EE1E3200190034F64F /* MenuItemsManagerTest.swift in Sources */,
				AEC7E3E21E31AB620034F64F /* ItemVariant.swift in Sources */,
				AE0277651E387BB9005EFFE7 /* OrderGroup.swift in Sources */,
				AE02775E1E387B28005EFFE7 /* Group.swift in Sources */,
				AE0277611E387B85005EFFE7 /* MenuGroup.swift in Sources */,
				AEC7E4151E35EC880034F64F /* FirebaseDataSourceTest.swift in Sources */,
				AE9ABB541E24C1D0007CFF5C /* FlyingCivetTests.swift in Sources */,
				AEBC27411E2DEEBE00B9836E /* RunViewController.swift in Sources */,
				AEC7E3E81E31C91B0034F64F /* MenuItemsManager.swift in Sources */,
				AEC7E3DD1E31AB370034F64F /* OrderItemTest.swift in Sources */,
				AEBC273E1E2DAE6E00B9836E /* LocationViewController.swift in Sources */,
				AEC7E3DB1E31AB2C0034F64F /* ItemVariantTest.swift in Sources */,
				AE9326401E389E610020A609 /* OrderCell.swift in Sources */,
				AEC7E3D91E31AB1C0034F64F /* MenuItemTest.swift in Sources */,
				AEBC27471E2F08C100B9836E /* CustomizeItemViewController.swift in Sources */,
				AE0277581E387A54005EFFE7 /* Presenter.swift in Sources */,
				AE02773C1E35FF8A005EFFE7 /* FirebaseDataSource.swift in Sources */,
				AED215051E2F437D000AB6F8 /* ItemVariantsManagerTest.swift in Sources */,
				AEBC27441E2E171200B9836E /* MenuViewController.swift in Sources */,
				AED2150C1E2F71E1000AB6F8 /* OrderItem.swift in Sources */,
				AE02775B1E387A84005EFFE7 /* MenuControllerAdapter.swift in Sources */,
				AED215171E30AAC8000AB6F8 /* ShoppingCartManagerTest.swift in Sources */,
				AED2150F1E2F7202000AB6F8 /* MenuItem.swift in Sources */,
				AED215081E2F5A8B000AB6F8 /* ItemVariantsManager.swift in Sources */,
				AE9326411E389E680020A609 /* MenuCell.swift in Sources */,
				AED2151A1E30B1D5000AB6F8 /* ShoppingCartManager.swift in Sources */,
			);
			runOnlyForDeploymentPostprocessing = 0;
		};
		AE9ABB561E24C1D0007CFF5C /* Sources */ = {
			isa = PBXSourcesBuildPhase;
			buildActionMask = 2147483647;
			files = (
				AE9ABB5F1E24C1D0007CFF5C /* FlyingCivetUITests.swift in Sources */,
			);
			runOnlyForDeploymentPostprocessing = 0;
		};
/* End PBXSourcesBuildPhase section */

/* Begin PBXTargetDependency section */
		AE9ABB511E24C1D0007CFF5C /* PBXTargetDependency */ = {
			isa = PBXTargetDependency;
			target = AE9ABB3A1E24C1D0007CFF5C /* FlyingCivet */;
			targetProxy = AE9ABB501E24C1D0007CFF5C /* PBXContainerItemProxy */;
		};
		AE9ABB5C1E24C1D0007CFF5C /* PBXTargetDependency */ = {
			isa = PBXTargetDependency;
			target = AE9ABB3A1E24C1D0007CFF5C /* FlyingCivet */;
			targetProxy = AE9ABB5B1E24C1D0007CFF5C /* PBXContainerItemProxy */;
		};
/* End PBXTargetDependency section */

/* Begin PBXVariantGroup section */
		AE9ABB421E24C1D0007CFF5C /* Main.storyboard */ = {
			isa = PBXVariantGroup;
			children = (
				AE9ABB431E24C1D0007CFF5C /* Base */,
			);
			name = Main.storyboard;
			sourceTree = "<group>";
		};
		AE9ABB471E24C1D0007CFF5C /* LaunchScreen.storyboard */ = {
			isa = PBXVariantGroup;
			children = (
				AE9ABB481E24C1D0007CFF5C /* Base */,
			);
			name = LaunchScreen.storyboard;
			sourceTree = "<group>";
		};
/* End PBXVariantGroup section */

/* Begin XCBuildConfiguration section */
		AE9ABB611E24C1D0007CFF5C /* Debug */ = {
			isa = XCBuildConfiguration;
			buildSettings = {
				ALWAYS_SEARCH_USER_PATHS = NO;
				CLANG_ANALYZER_NONNULL = YES;
				CLANG_CXX_LANGUAGE_STANDARD = "gnu++0x";
				CLANG_CXX_LIBRARY = "libc++";
				CLANG_ENABLE_MODULES = YES;
				CLANG_ENABLE_OBJC_ARC = YES;
				CLANG_WARN_BOOL_CONVERSION = YES;
				CLANG_WARN_CONSTANT_CONVERSION = YES;
				CLANG_WARN_DIRECT_OBJC_ISA_USAGE = YES_ERROR;
				CLANG_WARN_DOCUMENTATION_COMMENTS = YES;
				CLANG_WARN_EMPTY_BODY = YES;
				CLANG_WARN_ENUM_CONVERSION = YES;
				CLANG_WARN_INFINITE_RECURSION = YES;
				CLANG_WARN_INT_CONVERSION = YES;
				CLANG_WARN_OBJC_ROOT_CLASS = YES_ERROR;
				CLANG_WARN_SUSPICIOUS_MOVE = YES;
				CLANG_WARN_UNREACHABLE_CODE = YES;
				CLANG_WARN__DUPLICATE_METHOD_MATCH = YES;
				"CODE_SIGN_IDENTITY[sdk=iphoneos*]" = "iPhone Developer";
				COPY_PHASE_STRIP = NO;
				DEBUG_INFORMATION_FORMAT = dwarf;
				ENABLE_STRICT_OBJC_MSGSEND = YES;
				ENABLE_TESTABILITY = YES;
				GCC_C_LANGUAGE_STANDARD = gnu99;
				GCC_DYNAMIC_NO_PIC = NO;
				GCC_NO_COMMON_BLOCKS = YES;
				GCC_OPTIMIZATION_LEVEL = 0;
				GCC_PREPROCESSOR_DEFINITIONS = (
					"DEBUG=1",
					"$(inherited)",
				);
				GCC_WARN_64_TO_32_BIT_CONVERSION = YES;
				GCC_WARN_ABOUT_RETURN_TYPE = YES_ERROR;
				GCC_WARN_UNDECLARED_SELECTOR = YES;
				GCC_WARN_UNINITIALIZED_AUTOS = YES_AGGRESSIVE;
				GCC_WARN_UNUSED_FUNCTION = YES;
				GCC_WARN_UNUSED_VARIABLE = YES;
				IPHONEOS_DEPLOYMENT_TARGET = 10.2;
				MTL_ENABLE_DEBUG_INFO = YES;
				ONLY_ACTIVE_ARCH = YES;
				SDKROOT = iphoneos;
				SWIFT_ACTIVE_COMPILATION_CONDITIONS = DEBUG;
				SWIFT_OPTIMIZATION_LEVEL = "-Onone";
				TARGETED_DEVICE_FAMILY = "1,2";
			};
			name = Debug;
		};
		AE9ABB621E24C1D0007CFF5C /* Release */ = {
			isa = XCBuildConfiguration;
			buildSettings = {
				ALWAYS_SEARCH_USER_PATHS = NO;
				CLANG_ANALYZER_NONNULL = YES;
				CLANG_CXX_LANGUAGE_STANDARD = "gnu++0x";
				CLANG_CXX_LIBRARY = "libc++";
				CLANG_ENABLE_MODULES = YES;
				CLANG_ENABLE_OBJC_ARC = YES;
				CLANG_WARN_BOOL_CONVERSION = YES;
				CLANG_WARN_CONSTANT_CONVERSION = YES;
				CLANG_WARN_DIRECT_OBJC_ISA_USAGE = YES_ERROR;
				CLANG_WARN_DOCUMENTATION_COMMENTS = YES;
				CLANG_WARN_EMPTY_BODY = YES;
				CLANG_WARN_ENUM_CONVERSION = YES;
				CLANG_WARN_INFINITE_RECURSION = YES;
				CLANG_WARN_INT_CONVERSION = YES;
				CLANG_WARN_OBJC_ROOT_CLASS = YES_ERROR;
				CLANG_WARN_SUSPICIOUS_MOVE = YES;
				CLANG_WARN_UNREACHABLE_CODE = YES;
				CLANG_WARN__DUPLICATE_METHOD_MATCH = YES;
				"CODE_SIGN_IDENTITY[sdk=iphoneos*]" = "iPhone Developer";
				COPY_PHASE_STRIP = NO;
				DEBUG_INFORMATION_FORMAT = "dwarf-with-dsym";
				ENABLE_NS_ASSERTIONS = NO;
				ENABLE_STRICT_OBJC_MSGSEND = YES;
				GCC_C_LANGUAGE_STANDARD = gnu99;
				GCC_NO_COMMON_BLOCKS = YES;
				GCC_WARN_64_TO_32_BIT_CONVERSION = YES;
				GCC_WARN_ABOUT_RETURN_TYPE = YES_ERROR;
				GCC_WARN_UNDECLARED_SELECTOR = YES;
				GCC_WARN_UNINITIALIZED_AUTOS = YES_AGGRESSIVE;
				GCC_WARN_UNUSED_FUNCTION = YES;
				GCC_WARN_UNUSED_VARIABLE = YES;
				IPHONEOS_DEPLOYMENT_TARGET = 10.2;
				MTL_ENABLE_DEBUG_INFO = NO;
				SDKROOT = iphoneos;
				SWIFT_OPTIMIZATION_LEVEL = "-Owholemodule";
				TARGETED_DEVICE_FAMILY = "1,2";
				VALIDATE_PRODUCT = YES;
			};
			name = Release;
		};
		AE9ABB641E24C1D0007CFF5C /* Debug */ = {
			isa = XCBuildConfiguration;
			buildSettings = {
				ALWAYS_EMBED_SWIFT_STANDARD_LIBRARIES = YES;
				ASSETCATALOG_COMPILER_APPICON_NAME = AppIcon;
				"CODE_SIGN_IDENTITY[sdk=iphoneos*]" = "iPhone Developer";
				CURRENT_PROJECT_VERSION = 11;
				DEVELOPMENT_TEAM = 89A6V964HC;
				FRAMEWORK_SEARCH_PATHS = (
					"$(inherited)",
					"$(PROJECT_DIR)/Carthage/Build/iOS",
				);
				INFOPLIST_FILE = FlyingCivet/Info.plist;
				LD_RUNPATH_SEARCH_PATHS = "$(inherited) @executable_path/Frameworks";
				OTHER_LDFLAGS = "-ObjC";
				PRODUCT_BUNDLE_IDENTIFIER = io.pivotal.singapore.FlyingToddycat;
				PRODUCT_NAME = "$(TARGET_NAME)";
				SWIFT_VERSION = 3.0;
			};
			name = Debug;
		};
		AE9ABB651E24C1D0007CFF5C /* Release */ = {
			isa = XCBuildConfiguration;
			buildSettings = {
				ALWAYS_EMBED_SWIFT_STANDARD_LIBRARIES = YES;
				ASSETCATALOG_COMPILER_APPICON_NAME = AppIcon;
				"CODE_SIGN_IDENTITY[sdk=iphoneos*]" = "iPhone Developer";
				CURRENT_PROJECT_VERSION = 11;
				DEVELOPMENT_TEAM = 89A6V964HC;
				FRAMEWORK_SEARCH_PATHS = (
					"$(inherited)",
					"$(PROJECT_DIR)/Carthage/Build/iOS",
				);
				INFOPLIST_FILE = FlyingCivet/Info.plist;
				LD_RUNPATH_SEARCH_PATHS = "$(inherited) @executable_path/Frameworks";
				OTHER_LDFLAGS = "-ObjC";
				PRODUCT_BUNDLE_IDENTIFIER = io.pivotal.singapore.FlyingToddycat;
				PRODUCT_NAME = "$(TARGET_NAME)";
				SWIFT_VERSION = 3.0;
			};
			name = Release;
		};
		AE9ABB671E24C1D0007CFF5C /* Debug */ = {
			isa = XCBuildConfiguration;
			buildSettings = {
				ALWAYS_EMBED_SWIFT_STANDARD_LIBRARIES = YES;
				BUNDLE_LOADER = "$(TEST_HOST)";
				DEVELOPMENT_TEAM = VRZG3C52K7;
				FRAMEWORK_SEARCH_PATHS = (
					"$(inherited)",
					"$(PROJECT_DIR)/Carthage/Build/iOS",
				);
				INFOPLIST_FILE = FlyingCivetTests/Info.plist;
				LD_RUNPATH_SEARCH_PATHS = "$(inherited) @executable_path/Frameworks @loader_path/Frameworks";
				PRODUCT_BUNDLE_IDENTIFIER = io.pivotal.singapore.FlyingCivetTests;
				PRODUCT_NAME = "$(TARGET_NAME)";
				SWIFT_VERSION = 3.0;
				TEST_HOST = "$(BUILT_PRODUCTS_DIR)/FlyingCivet.app/FlyingCivet";
			};
			name = Debug;
		};
		AE9ABB681E24C1D0007CFF5C /* Release */ = {
			isa = XCBuildConfiguration;
			buildSettings = {
				ALWAYS_EMBED_SWIFT_STANDARD_LIBRARIES = YES;
				BUNDLE_LOADER = "$(TEST_HOST)";
				DEVELOPMENT_TEAM = VRZG3C52K7;
				FRAMEWORK_SEARCH_PATHS = (
					"$(inherited)",
					"$(PROJECT_DIR)/Carthage/Build/iOS",
				);
				INFOPLIST_FILE = FlyingCivetTests/Info.plist;
				LD_RUNPATH_SEARCH_PATHS = "$(inherited) @executable_path/Frameworks @loader_path/Frameworks";
				PRODUCT_BUNDLE_IDENTIFIER = io.pivotal.singapore.FlyingCivetTests;
				PRODUCT_NAME = "$(TARGET_NAME)";
				SWIFT_VERSION = 3.0;
				TEST_HOST = "$(BUILT_PRODUCTS_DIR)/FlyingCivet.app/FlyingCivet";
			};
			name = Release;
		};
		AE9ABB6A1E24C1D0007CFF5C /* Debug */ = {
			isa = XCBuildConfiguration;
			buildSettings = {
				ALWAYS_EMBED_SWIFT_STANDARD_LIBRARIES = YES;
				DEVELOPMENT_TEAM = VRZG3C52K7;
				INFOPLIST_FILE = FlyingCivetUITests/Info.plist;
				LD_RUNPATH_SEARCH_PATHS = "$(inherited) @executable_path/Frameworks @loader_path/Frameworks";
				PRODUCT_BUNDLE_IDENTIFIER = io.pivotal.singapore.FlyingCivetUITests;
				PRODUCT_NAME = "$(TARGET_NAME)";
				SWIFT_VERSION = 3.0;
				TEST_TARGET_NAME = FlyingCivet;
			};
			name = Debug;
		};
		AE9ABB6B1E24C1D0007CFF5C /* Release */ = {
			isa = XCBuildConfiguration;
			buildSettings = {
				ALWAYS_EMBED_SWIFT_STANDARD_LIBRARIES = YES;
				DEVELOPMENT_TEAM = VRZG3C52K7;
				INFOPLIST_FILE = FlyingCivetUITests/Info.plist;
				LD_RUNPATH_SEARCH_PATHS = "$(inherited) @executable_path/Frameworks @loader_path/Frameworks";
				PRODUCT_BUNDLE_IDENTIFIER = io.pivotal.singapore.FlyingCivetUITests;
				PRODUCT_NAME = "$(TARGET_NAME)";
				SWIFT_VERSION = 3.0;
				TEST_TARGET_NAME = FlyingCivet;
			};
			name = Release;
		};
/* End XCBuildConfiguration section */

/* Begin XCConfigurationList section */
		AE9ABB361E24C1D0007CFF5C /* Build configuration list for PBXProject "FlyingCivet" */ = {
			isa = XCConfigurationList;
			buildConfigurations = (
				AE9ABB611E24C1D0007CFF5C /* Debug */,
				AE9ABB621E24C1D0007CFF5C /* Release */,
			);
			defaultConfigurationIsVisible = 0;
			defaultConfigurationName = Release;
		};
		AE9ABB631E24C1D0007CFF5C /* Build configuration list for PBXNativeTarget "FlyingCivet" */ = {
			isa = XCConfigurationList;
			buildConfigurations = (
				AE9ABB641E24C1D0007CFF5C /* Debug */,
				AE9ABB651E24C1D0007CFF5C /* Release */,
			);
			defaultConfigurationIsVisible = 0;
			defaultConfigurationName = Release;
		};
		AE9ABB661E24C1D0007CFF5C /* Build configuration list for PBXNativeTarget "FlyingCivetTests" */ = {
			isa = XCConfigurationList;
			buildConfigurations = (
				AE9ABB671E24C1D0007CFF5C /* Debug */,
				AE9ABB681E24C1D0007CFF5C /* Release */,
			);
			defaultConfigurationIsVisible = 0;
			defaultConfigurationName = Release;
		};
		AE9ABB691E24C1D0007CFF5C /* Build configuration list for PBXNativeTarget "FlyingCivetUITests" */ = {
			isa = XCConfigurationList;
			buildConfigurations = (
				AE9ABB6A1E24C1D0007CFF5C /* Debug */,
				AE9ABB6B1E24C1D0007CFF5C /* Release */,
			);
			defaultConfigurationIsVisible = 0;
			defaultConfigurationName = Release;
		};
/* End XCConfigurationList section */
	};
	rootObject = AE9ABB331E24C1D0007CFF5C /* Project object */;
}
